
Microsoft Visual Studio Solution File, Format Version 12.00
# Visual Studio Version 16
VisualStudioVersion = 16.0.28922.388
MinimumVisualStudioVersion = 10.0.40219.1
Project("{FAE04EC0-301F-11D3-BF4B-00C04F79EFBC}") = "OggleBooble", "OggleBooble\OggleBooble.csproj", "{2A2A29AD-0486-4304-A5E6-41A2D2896066}"
EndProject
Project("{FAE04EC0-301F-11D3-BF4B-00C04F79EFBC}") = "WebApi", "WebApi\WebApi.csproj", "{A3E37359-E55B-43EE-BCC4-39857F900173}"
EndProject
Project("{FAE04EC0-301F-11D3-BF4B-00C04F79EFBC}") = "Brucheum", "Brucheum\Brucheum.csproj", "{B1281210-87B4-485B-B161-2DF8EF5A4EDC}"
EndProject
Project("{FAE04EC0-301F-11D3-BF4B-00C04F79EFBC}") = "GetaGig", "GetaGig\GetaGig.csproj", "{B72B77E3-655D-4C71-B5F4-6E9E932E40C2}"
EndProject
Project("{FAE04EC0-301F-11D3-BF4B-00C04F79EFBC}") = "IntelDesign", "IntelDesign\IntelDesign.csproj", "{1B7441BF-C313-45A2-8AB8-8AE5DFFB7FEE}"
EndProject
Project("{9A19103F-16F7-4668-BE54-9A1E7A4F7556}") = "Flitter", "Flitter\Flitter.csproj", "{CB3F5E33-487D-449B-8F2F-86C63D732E70}"
EndProject
Project("{E24C65DC-7377-472B-9ABA-BC803B73C61A}") = "OggleHtml", "OggleHtml\", "{04550DB9-B937-4AB8-83C2-DE40719BB7CD}"
	ProjectSection(WebsiteProperties) = preProject
		TargetFrameworkMoniker = ".NETFramework,Version%3Dv4.0"
		Debug.AspNetCompiler.VirtualPath = "/localhost_56437"
		Debug.AspNetCompiler.PhysicalPath = "OggleHtml\"
		Debug.AspNetCompiler.TargetPath = "PrecompiledWeb\localhost_56437\"
		Debug.AspNetCompiler.Updateable = "true"
		Debug.AspNetCompiler.ForceOverwrite = "true"
		Debug.AspNetCompiler.FixedNames = "false"
		Debug.AspNetCompiler.Debug = "True"
		Release.AspNetCompiler.VirtualPath = "/localhost_56437"
		Release.AspNetCompiler.PhysicalPath = "OggleHtml\"
		Release.AspNetCompiler.TargetPath = "PrecompiledWeb\localhost_56437\"
		Release.AspNetCompiler.Updateable = "true"
		Release.AspNetCompiler.ForceOverwrite = "true"
		Release.AspNetCompiler.FixedNames = "false"
		Release.AspNetCompiler.Debug = "False"
		VWDPort = "56437"
		SlnRelativePath = "OggleHtml\"
	EndProjectSection
EndProject
Project("{E24C65DC-7377-472B-9ABA-BC803B73C61A}") = "BruchHtml", "BruchHtml\", "{5787F365-E98B-482F-A9D3-0702D363B9D0}"
	ProjectSection(WebsiteProperties) = preProject
		TargetFrameworkMoniker = ".NETFramework,Version%3Dv4.0"
		Debug.AspNetCompiler.VirtualPath = "/localhost_59579"
		Debug.AspNetCompiler.PhysicalPath = "BruchHtml\"
		Debug.AspNetCompiler.TargetPath = "PrecompiledWeb\localhost_59579\"
		Debug.AspNetCompiler.Updateable = "true"
		Debug.AspNetCompiler.ForceOverwrite = "true"
		Debug.AspNetCompiler.FixedNames = "false"
		Debug.AspNetCompiler.Debug = "True"
		Release.AspNetCompiler.VirtualPath = "/localhost_59579"
		Release.AspNetCompiler.PhysicalPath = "BruchHtml\"
		Release.AspNetCompiler.TargetPath = "PrecompiledWeb\localhost_59579\"
		Release.AspNetCompiler.Updateable = "true"
		Release.AspNetCompiler.ForceOverwrite = "true"
		Release.AspNetCompiler.FixedNames = "false"
		Release.AspNetCompiler.Debug = "False"
		VWDPort = "59579"
	EndProjectSection
EndProject
Global
	GlobalSection(SolutionConfigurationPlatforms) = preSolution
		Debug|Any CPU = Debug|Any CPU
		Release|Any CPU = Release|Any CPU
	EndGlobalSection
	GlobalSection(ProjectConfigurationPlatforms) = postSolution
		{2A2A29AD-0486-4304-A5E6-41A2D2896066}.Debug|Any CPU.ActiveCfg = Debug|Any CPU
		{2A2A29AD-0486-4304-A5E6-41A2D2896066}.Debug|Any CPU.Build.0 = Debug|Any CPU
		{2A2A29AD-0486-4304-A5E6-41A2D2896066}.Release|Any CPU.ActiveCfg = Release|Any CPU
		{2A2A29AD-0486-4304-A5E6-41A2D2896066}.Release|Any CPU.Build.0 = Release|Any CPU
		{A3E37359-E55B-43EE-BCC4-39857F900173}.Debug|Any CPU.ActiveCfg = Debug|Any CPU
		{A3E37359-E55B-43EE-BCC4-39857F900173}.Debug|Any CPU.Build.0 = Debug|Any CPU
		{A3E37359-E55B-43EE-BCC4-39857F900173}.Release|Any CPU.ActiveCfg = Release|Any CPU
		{A3E37359-E55B-43EE-BCC4-39857F900173}.Release|Any CPU.Build.0 = Release|Any CPU
		{B1281210-87B4-485B-B161-2DF8EF5A4EDC}.Debug|Any CPU.ActiveCfg = Debug|Any CPU
		{B1281210-87B4-485B-B161-2DF8EF5A4EDC}.Debug|Any CPU.Build.0 = Debug|Any CPU
		{B1281210-87B4-485B-B161-2DF8EF5A4EDC}.Release|Any CPU.ActiveCfg = Release|Any CPU
		{B1281210-87B4-485B-B161-2DF8EF5A4EDC}.Release|Any CPU.Build.0 = Release|Any CPU
		{B72B77E3-655D-4C71-B5F4-6E9E932E40C2}.Debug|Any CPU.ActiveCfg = Debug|Any CPU
		{B72B77E3-655D-4C71-B5F4-6E9E932E40C2}.Debug|Any CPU.Build.0 = Debug|Any CPU
		{B72B77E3-655D-4C71-B5F4-6E9E932E40C2}.Release|Any CPU.ActiveCfg = Release|Any CPU
		{B72B77E3-655D-4C71-B5F4-6E9E932E40C2}.Release|Any CPU.Build.0 = Release|Any CPU
		{1B7441BF-C313-45A2-8AB8-8AE5DFFB7FEE}.Debug|Any CPU.ActiveCfg = Debug|Any CPU
		{1B7441BF-C313-45A2-8AB8-8AE5DFFB7FEE}.Debug|Any CPU.Build.0 = Debug|Any CPU
		{1B7441BF-C313-45A2-8AB8-8AE5DFFB7FEE}.Release|Any CPU.ActiveCfg = Release|Any CPU
		{1B7441BF-C313-45A2-8AB8-8AE5DFFB7FEE}.Release|Any CPU.Build.0 = Release|Any CPU
		{CB3F5E33-487D-449B-8F2F-86C63D732E70}.Debug|Any CPU.ActiveCfg = Debug|Any CPU
		{CB3F5E33-487D-449B-8F2F-86C63D732E70}.Debug|Any CPU.Build.0 = Debug|Any CPU
		{CB3F5E33-487D-449B-8F2F-86C63D732E70}.Release|Any CPU.ActiveCfg = Release|Any CPU
		{CB3F5E33-487D-449B-8F2F-86C63D732E70}.Release|Any CPU.Build.0 = Release|Any CPU
		{04550DB9-B937-4AB8-83C2-DE40719BB7CD}.Debug|Any CPU.ActiveCfg = Debug|Any CPU
		{04550DB9-B937-4AB8-83C2-DE40719BB7CD}.Debug|Any CPU.Build.0 = Debug|Any CPU
		{04550DB9-B937-4AB8-83C2-DE40719BB7CD}.Release|Any CPU.ActiveCfg = Debug|Any CPU
		{04550DB9-B937-4AB8-83C2-DE40719BB7CD}.Release|Any CPU.Build.0 = Debug|Any CPU
		{5787F365-E98B-482F-A9D3-0702D363B9D0}.Debug|Any CPU.ActiveCfg = Debug|Any CPU
		{5787F365-E98B-482F-A9D3-0702D363B9D0}.Debug|Any CPU.Build.0 = Debug|Any CPU
		{5787F365-E98B-482F-A9D3-0702D363B9D0}.Release|Any CPU.ActiveCfg = Debug|Any CPU
		{5787F365-E98B-482F-A9D3-0702D363B9D0}.Release|Any CPU.Build.0 = Debug|Any CPU
	EndGlobalSection
	GlobalSection(SolutionProperties) = preSolution
		HideSolutionNode = FALSE
	EndGlobalSection
	GlobalSection(ExtensibilityGlobals) = postSolution
		SolutionGuid = {AE68EDB2-57F8-493E-BC59-DB71139344B3}
	EndGlobalSection
EndGlobal
