
Microsoft Visual Studio Solution File, Format Version 12.00
# Visual Studio Version 16
VisualStudioVersion = 16.0.28922.388
MinimumVisualStudioVersion = 10.0.40219.1
Project("{FAE04EC0-301F-11D3-BF4B-00C04F79EFBC}") = "GetaGig", "GetaGig\GetaGig.csproj", "{B72B77E3-655D-4C71-B5F4-6E9E932E40C2}"
EndProject
Project("{FAE04EC0-301F-11D3-BF4B-00C04F79EFBC}") = "IntelDesign", "IntelDesign\IntelDesign.csproj", "{1B7441BF-C313-45A2-8AB8-8AE5DFFB7FEE}"
EndProject
Project("{E24C65DC-7377-472B-9ABA-BC803B73C61A}") = "BruchHtml", "BruchHtml\", "{5787F365-E98B-482F-A9D3-0702D363B9D0}"
	ProjectSection(WebsiteProperties) = preProject
		TargetFrameworkMoniker = ".NETFramework,Version%3Dv4.0"
		Debug.AspNetCompiler.VirtualPath = "/localhost_59579"
		Debug.AspNetCompiler.PhysicalPath = "BruchHtml\"
		Debug.AspNetCompiler.TargetPath = "PrecompiledWeb\localhost_59579\"
		Debug.AspNetCompiler.Updateable = "true"
		Debug.AspNetCompiler.ForceOverwrite = "true"
		Debug.AspNetCompiler.FixedNames = "false"
		Debug.AspNetCompiler.Debug = "True"
		Release.AspNetCompiler.VirtualPath = "/localhost_59579"
		Release.AspNetCompiler.PhysicalPath = "BruchHtml\"
		Release.AspNetCompiler.TargetPath = "PrecompiledWeb\localhost_59579\"
		Release.AspNetCompiler.Updateable = "true"
		Release.AspNetCompiler.ForceOverwrite = "true"
		Release.AspNetCompiler.FixedNames = "false"
		Release.AspNetCompiler.Debug = "False"
		VWDPort = "59579"
		SlnRelativePath = "BruchHtml\"
	EndProjectSection
EndProject
Project("{2150E333-8FDC-42A3-9474-1A3956D46DE8}") = "Solution Items", "Solution Items", "{0497EF20-745F-47B6-BFE9-B2DDDDB27C72}"
	ProjectSection(SolutionItems) = preProject
		.editorconfig = .editorconfig
	EndProjectSection
EndProject
Project("{FAE04EC0-301F-11D3-BF4B-00C04F79EFBC}") = "Brucheum.Api", "Brucheum.Api\Brucheum.Api.csproj", "{C241263B-3943-4363-9FE2-04BF88BC8722}"
EndProject
Global
	GlobalSection(SolutionConfigurationPlatforms) = preSolution
		Debug|Any CPU = Debug|Any CPU
		Release|Any CPU = Release|Any CPU
	EndGlobalSection
	GlobalSection(ProjectConfigurationPlatforms) = postSolution
		{B72B77E3-655D-4C71-B5F4-6E9E932E40C2}.Debug|Any CPU.ActiveCfg = Debug|Any CPU
		{B72B77E3-655D-4C71-B5F4-6E9E932E40C2}.Debug|Any CPU.Build.0 = Debug|Any CPU
		{B72B77E3-655D-4C71-B5F4-6E9E932E40C2}.Release|Any CPU.ActiveCfg = Release|Any CPU
		{B72B77E3-655D-4C71-B5F4-6E9E932E40C2}.Release|Any CPU.Build.0 = Release|Any CPU
		{1B7441BF-C313-45A2-8AB8-8AE5DFFB7FEE}.Debug|Any CPU.ActiveCfg = Debug|Any CPU
		{1B7441BF-C313-45A2-8AB8-8AE5DFFB7FEE}.Debug|Any CPU.Build.0 = Debug|Any CPU
		{1B7441BF-C313-45A2-8AB8-8AE5DFFB7FEE}.Release|Any CPU.ActiveCfg = Release|Any CPU
		{1B7441BF-C313-45A2-8AB8-8AE5DFFB7FEE}.Release|Any CPU.Build.0 = Release|Any CPU
		{5787F365-E98B-482F-A9D3-0702D363B9D0}.Debug|Any CPU.ActiveCfg = Debug|Any CPU
		{5787F365-E98B-482F-A9D3-0702D363B9D0}.Debug|Any CPU.Build.0 = Debug|Any CPU
		{5787F365-E98B-482F-A9D3-0702D363B9D0}.Release|Any CPU.ActiveCfg = Debug|Any CPU
		{5787F365-E98B-482F-A9D3-0702D363B9D0}.Release|Any CPU.Build.0 = Debug|Any CPU
		{C241263B-3943-4363-9FE2-04BF88BC8722}.Debug|Any CPU.ActiveCfg = Debug|Any CPU
		{C241263B-3943-4363-9FE2-04BF88BC8722}.Debug|Any CPU.Build.0 = Debug|Any CPU
		{C241263B-3943-4363-9FE2-04BF88BC8722}.Release|Any CPU.ActiveCfg = Release|Any CPU
		{C241263B-3943-4363-9FE2-04BF88BC8722}.Release|Any CPU.Build.0 = Release|Any CPU
	EndGlobalSection
	GlobalSection(SolutionProperties) = preSolution
		HideSolutionNode = FALSE
	EndGlobalSection
	GlobalSection(ExtensibilityGlobals) = postSolution
		SolutionGuid = {AE68EDB2-57F8-493E-BC59-DB71139344B3}
	EndGlobalSection
EndGlobal
