{
  "requires": true,
  "lockfileVersion": 1,
  "dependencies": {
    "html-screen-capture-js": {
      "version": "1.0.31",
      "resolved": "https://registry.npmjs.org/html-screen-capture-js/-/html-screen-capture-js-1.0.31.tgz",
      "integrity": "sha512-J8avgc8nWgtUzXKeYJmBUwzPSE2mzSvRXs6uXFHt5V/JeaKui2rLO8DUIYdJMJnGcwh4KNr3tMQiYLCZWLqpIw=="
    }
  }
}
